
Microsoft Visual Studio Solution File, Format Version 12.00
# Visual Studio Version 17
VisualStudioVersion = 17.5.002.0
MinimumVisualStudioVersion = 10.0.40219.1
Project("{9A19103F-16F7-4668-BE54-9A1E7A4F7556}") = "shopapp.business", "shopapp.business\shopapp.business.csproj", "{AAA8E642-0483-45A7-B743-DB1E02CE8AB4}"
EndProject
Project("{9A19103F-16F7-4668-BE54-9A1E7A4F7556}") = "shopapp.data", "shopapp.data\shopapp.data.csproj", "{E2E1C7FC-A62A-4A7F-811E-D99827CE9D5B}"
EndProject
Project("{9A19103F-16F7-4668-BE54-9A1E7A4F7556}") = "shopapp.entity", "shopapp.entity\shopapp.entity.csproj", "{83794236-AB1F-451B-8095-9F1890C2661B}"
EndProject
Project("{9A19103F-16F7-4668-BE54-9A1E7A4F7556}") = "shopapp.webui", "shopapp.webui\shopapp.webui.csproj", "{F27BE8F6-8A34-4551-A771-8CCF6C413490}"
EndProject
Global
	GlobalSection(SolutionConfigurationPlatforms) = preSolution
		Debug|Any CPU = Debug|Any CPU
		Release|Any CPU = Release|Any CPU
	EndGlobalSection
	GlobalSection(ProjectConfigurationPlatforms) = postSolution
		{AAA8E642-0483-45A7-B743-DB1E02CE8AB4}.Debug|Any CPU.ActiveCfg = Debug|Any CPU
		{AAA8E642-0483-45A7-B743-DB1E02CE8AB4}.Debug|Any CPU.Build.0 = Debug|Any CPU
		{AAA8E642-0483-45A7-B743-DB1E02CE8AB4}.Release|Any CPU.ActiveCfg = Release|Any CPU
		{AAA8E642-0483-45A7-B743-DB1E02CE8AB4}.Release|Any CPU.Build.0 = Release|Any CPU
		{E2E1C7FC-A62A-4A7F-811E-D99827CE9D5B}.Debug|Any CPU.ActiveCfg = Debug|Any CPU
		{E2E1C7FC-A62A-4A7F-811E-D99827CE9D5B}.Debug|Any CPU.Build.0 = Debug|Any CPU
		{E2E1C7FC-A62A-4A7F-811E-D99827CE9D5B}.Release|Any CPU.ActiveCfg = Release|Any CPU
		{E2E1C7FC-A62A-4A7F-811E-D99827CE9D5B}.Release|Any CPU.Build.0 = Release|Any CPU
		{83794236-AB1F-451B-8095-9F1890C2661B}.Debug|Any CPU.ActiveCfg = Debug|Any CPU
		{83794236-AB1F-451B-8095-9F1890C2661B}.Debug|Any CPU.Build.0 = Debug|Any CPU
		{83794236-AB1F-451B-8095-9F1890C2661B}.Release|Any CPU.ActiveCfg = Release|Any CPU
		{83794236-AB1F-451B-8095-9F1890C2661B}.Release|Any CPU.Build.0 = Release|Any CPU
		{F27BE8F6-8A34-4551-A771-8CCF6C413490}.Debug|Any CPU.ActiveCfg = Debug|Any CPU
		{F27BE8F6-8A34-4551-A771-8CCF6C413490}.Debug|Any CPU.Build.0 = Debug|Any CPU
		{F27BE8F6-8A34-4551-A771-8CCF6C413490}.Release|Any CPU.ActiveCfg = Release|Any CPU
		{F27BE8F6-8A34-4551-A771-8CCF6C413490}.Release|Any CPU.Build.0 = Release|Any CPU
	EndGlobalSection
	GlobalSection(SolutionProperties) = preSolution
		HideSolutionNode = FALSE
	EndGlobalSection
	GlobalSection(ExtensibilityGlobals) = postSolution
		SolutionGuid = {20F18362-8C95-4EAC-B91F-3BB546E8C7D8}
	EndGlobalSection
EndGlobal
